
Microsoft Visual Studio Solution File, Format Version 12.00
# Visual Studio 15
VisualStudioVersion = 15.0.26124.0
MinimumVisualStudioVersion = 15.0.26124.0
Project("{FAE04EC0-301F-11D3-BF4B-00C04F79EFBC}") = "01.SOLID.SingleResponsability", "01.SOLID.SingleResponsability\01.SOLID.SingleResponsability.csproj", "{EFEDC54C-86FC-4B94-B253-C5E0A5F9379B}"
EndProject
Project("{FAE04EC0-301F-11D3-BF4B-00C04F79EFBC}") = "02.SOLID.OpenClosed", "02.SOLID.OpenClosed\02.SOLID.OpenClosed.csproj", "{B7D7B080-7CF8-48D7-9AE3-054B11DFE61F}"
EndProject
Project("{FAE04EC0-301F-11D3-BF4B-00C04F79EFBC}") = "03.SOLID.LiskovSubstitution", "03.SOLID.LiskovSubstitution\03.SOLID.LiskovSubstitution.csproj", "{11216DB8-0F93-4522-8E25-6121DB926A5D}"
EndProject
Project("{FAE04EC0-301F-11D3-BF4B-00C04F79EFBC}") = "04.SOLID.InterfaceSegregation", "04.SOLID.InterfaceSegregation\04.SOLID.InterfaceSegregation.csproj", "{13EA2D56-CFC1-400F-8120-917D2E244DA7}"
EndProject
Project("{FAE04EC0-301F-11D3-BF4B-00C04F79EFBC}") = "05.SOLID.DependencyInversion", "05.SOLID.DependencyInversion\05.SOLID.DependencyInversion.csproj", "{33CD3667-E994-4BC6-9E92-0733815273CA}"
EndProject
Project("{FAE04EC0-301F-11D3-BF4B-00C04F79EFBC}") = "06.Patron.Creacional.Builder", "06.Patron.Creacional.Builder\06.Patron.Creacional.Builder.csproj", "{93B8E3D0-7F00-4F7C-9D98-CD54EE9F6E06}"
EndProject
Project("{FAE04EC0-301F-11D3-BF4B-00C04F79EFBC}") = "07.Patron.Creacional.Factory", "07.Patron.Creacional.Factory\07.Patron.Creacional.Factory.csproj", "{986BA46B-3B81-40A5-9662-D17C4BEAFED8}"
EndProject
Project("{FAE04EC0-301F-11D3-BF4B-00C04F79EFBC}") = "08.Patron.Creacional.Prototype", "08.Patron.Creacional.Prototype\08.Patron.Creacional.Prototype.csproj", "{28A09D14-C41F-4B8D-AF70-11BB1F735F5F}"
EndProject
Project("{FAE04EC0-301F-11D3-BF4B-00C04F79EFBC}") = "09.Patron.Creacional.Singleton", "09.Patron.Creacional.Singleton\09.Patron.Creacional.Singleton.csproj", "{8A3DD31E-1B91-48FC-BF8E-FAC8768E325D}"
EndProject
Project("{FAE04EC0-301F-11D3-BF4B-00C04F79EFBC}") = "10.Patron.Estructural.Adapter", "10.Patron.Estructural.Adapter\10.Patron.Estructural.Adapter.csproj", "{3D3E26FE-DCDE-46C3-8234-A5C1F69822EC}"
EndProject
Project("{FAE04EC0-301F-11D3-BF4B-00C04F79EFBC}") = "11.Patron.Estructural.Bridge", "11.Patron.Estructural.Bridge\11.Patron.Estructural.Bridge.csproj", "{9172D361-E2DF-447F-AC9F-CE7B214A131E}"
EndProject
Project("{FAE04EC0-301F-11D3-BF4B-00C04F79EFBC}") = "12.Patron.Estructural.Composite", "12.Patron.Estructural.Composite\12.Patron.Estructural.Composite.csproj", "{DA5861F8-7799-421B-B0BD-02D536C8FD90}"
EndProject
Project("{FAE04EC0-301F-11D3-BF4B-00C04F79EFBC}") = "13.Patron.Estructural.Decorator", "13.Patron.Estructural.Decorator\13.Patron.Estructural.Decorator.csproj", "{61424022-DC29-4553-A300-1C7C4C717666}"
EndProject
Project("{FAE04EC0-301F-11D3-BF4B-00C04F79EFBC}") = "14.Patron.Estructural.Facade", "14.Patron.Estructural.Facade\14.Patron.Estructural.Facade.csproj", "{3D2CA312-556E-485F-A0CE-8D8D851B1001}"
EndProject
Project("{FAE04EC0-301F-11D3-BF4B-00C04F79EFBC}") = "15.Patron.Estructural.FlyWeight", "15.Patron.Estructural.FlyWeight\15.Patron.Estructural.FlyWeight.csproj", "{6D92BFA5-4B8B-49B4-85AA-72F0F35AEE4C}"
EndProject
Project("{FAE04EC0-301F-11D3-BF4B-00C04F79EFBC}") = "16.Patron.Estructural.Proxy", "16.Patron.Estructural.Proxy\16.Patron.Estructural.Proxy.csproj", "{CD997A76-7B7A-4876-AAEF-F415D31833D8}"
EndProject
Project("{FAE04EC0-301F-11D3-BF4B-00C04F79EFBC}") = "17.Patron.Comportamiento.Chain", "17.Patron.Comportamiento.Chain\17.Patron.Comportamiento.Chain.csproj", "{3D0B1407-ACB7-40DA-9945-32D0B1D0B236}"
EndProject
Project("{FAE04EC0-301F-11D3-BF4B-00C04F79EFBC}") = "18.Patron.Comportamiento.Command", "18.Patron.Comportamiento.Command\18.Patron.Comportamiento.Command.csproj", "{5A77C787-F928-4974-97C4-10E1B29F0243}"
EndProject
Project("{FAE04EC0-301F-11D3-BF4B-00C04F79EFBC}") = "19.Patron.Comportamiento.Interpreter", "19.Patron.Comportamiento.Interpreter\19.Patron.Comportamiento.Interpreter.csproj", "{38BC7C9B-8BFE-42FC-AAAC-3F63B832EE8A}"
EndProject
Project("{FAE04EC0-301F-11D3-BF4B-00C04F79EFBC}") = "20.Patron.Comportamiento.Iterator", "20.Patron.Comportamiento.Iterator\20.Patron.Comportamiento.Iterator.csproj", "{8BB408FC-4710-4DE3-A861-EB16D4CB7E10}"
EndProject
Project("{FAE04EC0-301F-11D3-BF4B-00C04F79EFBC}") = "21.Patron.Comportamiento.Memento", "21.Patron.Comportamiento.Memento\21.Patron.Comportamiento.Memento.csproj", "{88F8A3C5-07A2-440C-AC2F-83E21D1762E1}"
EndProject
Project("{FAE04EC0-301F-11D3-BF4B-00C04F79EFBC}") = "22.Patron.Comportamiento.Mediator", "22.Patron.Comportamiento.Mediator\22.Patron.Comportamiento.Mediator.csproj", "{E0E61BB6-F70D-4708-AD8E-640B9308FF86}"
EndProject
Project("{FAE04EC0-301F-11D3-BF4B-00C04F79EFBC}") = "23.Patron.Comportamiento.NullObject", "23.Patron.Comportamiento.NullObject\23.Patron.Comportamiento.NullObject.csproj", "{0DAA34F3-5942-4CA2-A503-98A13E31E1A6}"
EndProject
Project("{FAE04EC0-301F-11D3-BF4B-00C04F79EFBC}") = "24.Patron.Comportamiento.Observer", "24.Patron.Comportamiento.Observer\24.Patron.Comportamiento.Observer.csproj", "{D1FAB503-3945-4C41-B75F-D54B254072C6}"
EndProject
Project("{FAE04EC0-301F-11D3-BF4B-00C04F79EFBC}") = "25.Patron.Comportamiento.State", "25.Patron.Comportamiento.State\25.Patron.Comportamiento.State.csproj", "{C3556780-2185-4172-BAC5-896E87E093E5}"
EndProject
Project("{FAE04EC0-301F-11D3-BF4B-00C04F79EFBC}") = "26.Patron.Comportamiento.Strategy", "26.Patron.Comportamiento.Strategy\26.Patron.Comportamiento.Strategy.csproj", "{F78258B5-BDB4-4A32-B65B-1AA7690DC3CF}"
EndProject
Project("{FAE04EC0-301F-11D3-BF4B-00C04F79EFBC}") = "27.Patron.Comportamiento.Template", "27.Patron.Comportamiento.Template\27.Patron.Comportamiento.Template.csproj", "{1C903BEE-B207-410C-8A14-3FD9EF699C82}"
EndProject
Project("{FAE04EC0-301F-11D3-BF4B-00C04F79EFBC}") = "28.Patron.Comportamiento.Visitor", "28.Patron.Comportamiento.Visitor\28.Patron.Comportamiento.Visitor.csproj", "{3BB4C279-7296-4DDC-96F7-30E3F8A323D1}"
EndProject
Global
	GlobalSection(SolutionConfigurationPlatforms) = preSolution
		Debug|Any CPU = Debug|Any CPU
		Debug|x64 = Debug|x64
		Debug|x86 = Debug|x86
		Release|Any CPU = Release|Any CPU
		Release|x64 = Release|x64
		Release|x86 = Release|x86
	EndGlobalSection
	GlobalSection(SolutionProperties) = preSolution
		HideSolutionNode = FALSE
	EndGlobalSection
	GlobalSection(ProjectConfigurationPlatforms) = postSolution
		{EFEDC54C-86FC-4B94-B253-C5E0A5F9379B}.Debug|Any CPU.ActiveCfg = Debug|Any CPU
		{EFEDC54C-86FC-4B94-B253-C5E0A5F9379B}.Debug|Any CPU.Build.0 = Debug|Any CPU
		{EFEDC54C-86FC-4B94-B253-C5E0A5F9379B}.Debug|x64.ActiveCfg = Debug|Any CPU
		{EFEDC54C-86FC-4B94-B253-C5E0A5F9379B}.Debug|x64.Build.0 = Debug|Any CPU
		{EFEDC54C-86FC-4B94-B253-C5E0A5F9379B}.Debug|x86.ActiveCfg = Debug|Any CPU
		{EFEDC54C-86FC-4B94-B253-C5E0A5F9379B}.Debug|x86.Build.0 = Debug|Any CPU
		{EFEDC54C-86FC-4B94-B253-C5E0A5F9379B}.Release|Any CPU.ActiveCfg = Release|Any CPU
		{EFEDC54C-86FC-4B94-B253-C5E0A5F9379B}.Release|Any CPU.Build.0 = Release|Any CPU
		{EFEDC54C-86FC-4B94-B253-C5E0A5F9379B}.Release|x64.ActiveCfg = Release|Any CPU
		{EFEDC54C-86FC-4B94-B253-C5E0A5F9379B}.Release|x64.Build.0 = Release|Any CPU
		{EFEDC54C-86FC-4B94-B253-C5E0A5F9379B}.Release|x86.ActiveCfg = Release|Any CPU
		{EFEDC54C-86FC-4B94-B253-C5E0A5F9379B}.Release|x86.Build.0 = Release|Any CPU
		{B7D7B080-7CF8-48D7-9AE3-054B11DFE61F}.Debug|Any CPU.ActiveCfg = Debug|Any CPU
		{B7D7B080-7CF8-48D7-9AE3-054B11DFE61F}.Debug|Any CPU.Build.0 = Debug|Any CPU
		{B7D7B080-7CF8-48D7-9AE3-054B11DFE61F}.Debug|x64.ActiveCfg = Debug|Any CPU
		{B7D7B080-7CF8-48D7-9AE3-054B11DFE61F}.Debug|x64.Build.0 = Debug|Any CPU
		{B7D7B080-7CF8-48D7-9AE3-054B11DFE61F}.Debug|x86.ActiveCfg = Debug|Any CPU
		{B7D7B080-7CF8-48D7-9AE3-054B11DFE61F}.Debug|x86.Build.0 = Debug|Any CPU
		{B7D7B080-7CF8-48D7-9AE3-054B11DFE61F}.Release|Any CPU.ActiveCfg = Release|Any CPU
		{B7D7B080-7CF8-48D7-9AE3-054B11DFE61F}.Release|Any CPU.Build.0 = Release|Any CPU
		{B7D7B080-7CF8-48D7-9AE3-054B11DFE61F}.Release|x64.ActiveCfg = Release|Any CPU
		{B7D7B080-7CF8-48D7-9AE3-054B11DFE61F}.Release|x64.Build.0 = Release|Any CPU
		{B7D7B080-7CF8-48D7-9AE3-054B11DFE61F}.Release|x86.ActiveCfg = Release|Any CPU
		{B7D7B080-7CF8-48D7-9AE3-054B11DFE61F}.Release|x86.Build.0 = Release|Any CPU
		{11216DB8-0F93-4522-8E25-6121DB926A5D}.Debug|Any CPU.ActiveCfg = Debug|Any CPU
		{11216DB8-0F93-4522-8E25-6121DB926A5D}.Debug|Any CPU.Build.0 = Debug|Any CPU
		{11216DB8-0F93-4522-8E25-6121DB926A5D}.Debug|x64.ActiveCfg = Debug|Any CPU
		{11216DB8-0F93-4522-8E25-6121DB926A5D}.Debug|x64.Build.0 = Debug|Any CPU
		{11216DB8-0F93-4522-8E25-6121DB926A5D}.Debug|x86.ActiveCfg = Debug|Any CPU
		{11216DB8-0F93-4522-8E25-6121DB926A5D}.Debug|x86.Build.0 = Debug|Any CPU
		{11216DB8-0F93-4522-8E25-6121DB926A5D}.Release|Any CPU.ActiveCfg = Release|Any CPU
		{11216DB8-0F93-4522-8E25-6121DB926A5D}.Release|Any CPU.Build.0 = Release|Any CPU
		{11216DB8-0F93-4522-8E25-6121DB926A5D}.Release|x64.ActiveCfg = Release|Any CPU
		{11216DB8-0F93-4522-8E25-6121DB926A5D}.Release|x64.Build.0 = Release|Any CPU
		{11216DB8-0F93-4522-8E25-6121DB926A5D}.Release|x86.ActiveCfg = Release|Any CPU
		{11216DB8-0F93-4522-8E25-6121DB926A5D}.Release|x86.Build.0 = Release|Any CPU
		{13EA2D56-CFC1-400F-8120-917D2E244DA7}.Debug|Any CPU.ActiveCfg = Debug|Any CPU
		{13EA2D56-CFC1-400F-8120-917D2E244DA7}.Debug|Any CPU.Build.0 = Debug|Any CPU
		{13EA2D56-CFC1-400F-8120-917D2E244DA7}.Debug|x64.ActiveCfg = Debug|Any CPU
		{13EA2D56-CFC1-400F-8120-917D2E244DA7}.Debug|x64.Build.0 = Debug|Any CPU
		{13EA2D56-CFC1-400F-8120-917D2E244DA7}.Debug|x86.ActiveCfg = Debug|Any CPU
		{13EA2D56-CFC1-400F-8120-917D2E244DA7}.Debug|x86.Build.0 = Debug|Any CPU
		{13EA2D56-CFC1-400F-8120-917D2E244DA7}.Release|Any CPU.ActiveCfg = Release|Any CPU
		{13EA2D56-CFC1-400F-8120-917D2E244DA7}.Release|Any CPU.Build.0 = Release|Any CPU
		{13EA2D56-CFC1-400F-8120-917D2E244DA7}.Release|x64.ActiveCfg = Release|Any CPU
		{13EA2D56-CFC1-400F-8120-917D2E244DA7}.Release|x64.Build.0 = Release|Any CPU
		{13EA2D56-CFC1-400F-8120-917D2E244DA7}.Release|x86.ActiveCfg = Release|Any CPU
		{13EA2D56-CFC1-400F-8120-917D2E244DA7}.Release|x86.Build.0 = Release|Any CPU
		{33CD3667-E994-4BC6-9E92-0733815273CA}.Debug|Any CPU.ActiveCfg = Debug|Any CPU
		{33CD3667-E994-4BC6-9E92-0733815273CA}.Debug|Any CPU.Build.0 = Debug|Any CPU
		{33CD3667-E994-4BC6-9E92-0733815273CA}.Debug|x64.ActiveCfg = Debug|Any CPU
		{33CD3667-E994-4BC6-9E92-0733815273CA}.Debug|x64.Build.0 = Debug|Any CPU
		{33CD3667-E994-4BC6-9E92-0733815273CA}.Debug|x86.ActiveCfg = Debug|Any CPU
		{33CD3667-E994-4BC6-9E92-0733815273CA}.Debug|x86.Build.0 = Debug|Any CPU
		{33CD3667-E994-4BC6-9E92-0733815273CA}.Release|Any CPU.ActiveCfg = Release|Any CPU
		{33CD3667-E994-4BC6-9E92-0733815273CA}.Release|Any CPU.Build.0 = Release|Any CPU
		{33CD3667-E994-4BC6-9E92-0733815273CA}.Release|x64.ActiveCfg = Release|Any CPU
		{33CD3667-E994-4BC6-9E92-0733815273CA}.Release|x64.Build.0 = Release|Any CPU
		{33CD3667-E994-4BC6-9E92-0733815273CA}.Release|x86.ActiveCfg = Release|Any CPU
		{33CD3667-E994-4BC6-9E92-0733815273CA}.Release|x86.Build.0 = Release|Any CPU
		{93B8E3D0-7F00-4F7C-9D98-CD54EE9F6E06}.Debug|Any CPU.ActiveCfg = Debug|Any CPU
		{93B8E3D0-7F00-4F7C-9D98-CD54EE9F6E06}.Debug|Any CPU.Build.0 = Debug|Any CPU
		{93B8E3D0-7F00-4F7C-9D98-CD54EE9F6E06}.Debug|x64.ActiveCfg = Debug|Any CPU
		{93B8E3D0-7F00-4F7C-9D98-CD54EE9F6E06}.Debug|x64.Build.0 = Debug|Any CPU
		{93B8E3D0-7F00-4F7C-9D98-CD54EE9F6E06}.Debug|x86.ActiveCfg = Debug|Any CPU
		{93B8E3D0-7F00-4F7C-9D98-CD54EE9F6E06}.Debug|x86.Build.0 = Debug|Any CPU
		{93B8E3D0-7F00-4F7C-9D98-CD54EE9F6E06}.Release|Any CPU.ActiveCfg = Release|Any CPU
		{93B8E3D0-7F00-4F7C-9D98-CD54EE9F6E06}.Release|Any CPU.Build.0 = Release|Any CPU
		{93B8E3D0-7F00-4F7C-9D98-CD54EE9F6E06}.Release|x64.ActiveCfg = Release|Any CPU
		{93B8E3D0-7F00-4F7C-9D98-CD54EE9F6E06}.Release|x64.Build.0 = Release|Any CPU
		{93B8E3D0-7F00-4F7C-9D98-CD54EE9F6E06}.Release|x86.ActiveCfg = Release|Any CPU
		{93B8E3D0-7F00-4F7C-9D98-CD54EE9F6E06}.Release|x86.Build.0 = Release|Any CPU
		{986BA46B-3B81-40A5-9662-D17C4BEAFED8}.Debug|Any CPU.ActiveCfg = Debug|Any CPU
		{986BA46B-3B81-40A5-9662-D17C4BEAFED8}.Debug|Any CPU.Build.0 = Debug|Any CPU
		{986BA46B-3B81-40A5-9662-D17C4BEAFED8}.Debug|x64.ActiveCfg = Debug|Any CPU
		{986BA46B-3B81-40A5-9662-D17C4BEAFED8}.Debug|x64.Build.0 = Debug|Any CPU
		{986BA46B-3B81-40A5-9662-D17C4BEAFED8}.Debug|x86.ActiveCfg = Debug|Any CPU
		{986BA46B-3B81-40A5-9662-D17C4BEAFED8}.Debug|x86.Build.0 = Debug|Any CPU
		{986BA46B-3B81-40A5-9662-D17C4BEAFED8}.Release|Any CPU.ActiveCfg = Release|Any CPU
		{986BA46B-3B81-40A5-9662-D17C4BEAFED8}.Release|Any CPU.Build.0 = Release|Any CPU
		{986BA46B-3B81-40A5-9662-D17C4BEAFED8}.Release|x64.ActiveCfg = Release|Any CPU
		{986BA46B-3B81-40A5-9662-D17C4BEAFED8}.Release|x64.Build.0 = Release|Any CPU
		{986BA46B-3B81-40A5-9662-D17C4BEAFED8}.Release|x86.ActiveCfg = Release|Any CPU
		{986BA46B-3B81-40A5-9662-D17C4BEAFED8}.Release|x86.Build.0 = Release|Any CPU
		{28A09D14-C41F-4B8D-AF70-11BB1F735F5F}.Debug|Any CPU.ActiveCfg = Debug|Any CPU
		{28A09D14-C41F-4B8D-AF70-11BB1F735F5F}.Debug|Any CPU.Build.0 = Debug|Any CPU
		{28A09D14-C41F-4B8D-AF70-11BB1F735F5F}.Debug|x64.ActiveCfg = Debug|Any CPU
		{28A09D14-C41F-4B8D-AF70-11BB1F735F5F}.Debug|x64.Build.0 = Debug|Any CPU
		{28A09D14-C41F-4B8D-AF70-11BB1F735F5F}.Debug|x86.ActiveCfg = Debug|Any CPU
		{28A09D14-C41F-4B8D-AF70-11BB1F735F5F}.Debug|x86.Build.0 = Debug|Any CPU
		{28A09D14-C41F-4B8D-AF70-11BB1F735F5F}.Release|Any CPU.ActiveCfg = Release|Any CPU
		{28A09D14-C41F-4B8D-AF70-11BB1F735F5F}.Release|Any CPU.Build.0 = Release|Any CPU
		{28A09D14-C41F-4B8D-AF70-11BB1F735F5F}.Release|x64.ActiveCfg = Release|Any CPU
		{28A09D14-C41F-4B8D-AF70-11BB1F735F5F}.Release|x64.Build.0 = Release|Any CPU
		{28A09D14-C41F-4B8D-AF70-11BB1F735F5F}.Release|x86.ActiveCfg = Release|Any CPU
		{28A09D14-C41F-4B8D-AF70-11BB1F735F5F}.Release|x86.Build.0 = Release|Any CPU
		{8A3DD31E-1B91-48FC-BF8E-FAC8768E325D}.Debug|Any CPU.ActiveCfg = Debug|Any CPU
		{8A3DD31E-1B91-48FC-BF8E-FAC8768E325D}.Debug|Any CPU.Build.0 = Debug|Any CPU
		{8A3DD31E-1B91-48FC-BF8E-FAC8768E325D}.Debug|x64.ActiveCfg = Debug|Any CPU
		{8A3DD31E-1B91-48FC-BF8E-FAC8768E325D}.Debug|x64.Build.0 = Debug|Any CPU
		{8A3DD31E-1B91-48FC-BF8E-FAC8768E325D}.Debug|x86.ActiveCfg = Debug|Any CPU
		{8A3DD31E-1B91-48FC-BF8E-FAC8768E325D}.Debug|x86.Build.0 = Debug|Any CPU
		{8A3DD31E-1B91-48FC-BF8E-FAC8768E325D}.Release|Any CPU.ActiveCfg = Release|Any CPU
		{8A3DD31E-1B91-48FC-BF8E-FAC8768E325D}.Release|Any CPU.Build.0 = Release|Any CPU
		{8A3DD31E-1B91-48FC-BF8E-FAC8768E325D}.Release|x64.ActiveCfg = Release|Any CPU
		{8A3DD31E-1B91-48FC-BF8E-FAC8768E325D}.Release|x64.Build.0 = Release|Any CPU
		{8A3DD31E-1B91-48FC-BF8E-FAC8768E325D}.Release|x86.ActiveCfg = Release|Any CPU
		{8A3DD31E-1B91-48FC-BF8E-FAC8768E325D}.Release|x86.Build.0 = Release|Any CPU
		{3D3E26FE-DCDE-46C3-8234-A5C1F69822EC}.Debug|Any CPU.ActiveCfg = Debug|Any CPU
		{3D3E26FE-DCDE-46C3-8234-A5C1F69822EC}.Debug|Any CPU.Build.0 = Debug|Any CPU
		{3D3E26FE-DCDE-46C3-8234-A5C1F69822EC}.Debug|x64.ActiveCfg = Debug|Any CPU
		{3D3E26FE-DCDE-46C3-8234-A5C1F69822EC}.Debug|x64.Build.0 = Debug|Any CPU
		{3D3E26FE-DCDE-46C3-8234-A5C1F69822EC}.Debug|x86.ActiveCfg = Debug|Any CPU
		{3D3E26FE-DCDE-46C3-8234-A5C1F69822EC}.Debug|x86.Build.0 = Debug|Any CPU
		{3D3E26FE-DCDE-46C3-8234-A5C1F69822EC}.Release|Any CPU.ActiveCfg = Release|Any CPU
		{3D3E26FE-DCDE-46C3-8234-A5C1F69822EC}.Release|Any CPU.Build.0 = Release|Any CPU
		{3D3E26FE-DCDE-46C3-8234-A5C1F69822EC}.Release|x64.ActiveCfg = Release|Any CPU
		{3D3E26FE-DCDE-46C3-8234-A5C1F69822EC}.Release|x64.Build.0 = Release|Any CPU
		{3D3E26FE-DCDE-46C3-8234-A5C1F69822EC}.Release|x86.ActiveCfg = Release|Any CPU
		{3D3E26FE-DCDE-46C3-8234-A5C1F69822EC}.Release|x86.Build.0 = Release|Any CPU
		{9172D361-E2DF-447F-AC9F-CE7B214A131E}.Debug|Any CPU.ActiveCfg = Debug|Any CPU
		{9172D361-E2DF-447F-AC9F-CE7B214A131E}.Debug|Any CPU.Build.0 = Debug|Any CPU
		{9172D361-E2DF-447F-AC9F-CE7B214A131E}.Debug|x64.ActiveCfg = Debug|Any CPU
		{9172D361-E2DF-447F-AC9F-CE7B214A131E}.Debug|x64.Build.0 = Debug|Any CPU
		{9172D361-E2DF-447F-AC9F-CE7B214A131E}.Debug|x86.ActiveCfg = Debug|Any CPU
		{9172D361-E2DF-447F-AC9F-CE7B214A131E}.Debug|x86.Build.0 = Debug|Any CPU
		{9172D361-E2DF-447F-AC9F-CE7B214A131E}.Release|Any CPU.ActiveCfg = Release|Any CPU
		{9172D361-E2DF-447F-AC9F-CE7B214A131E}.Release|Any CPU.Build.0 = Release|Any CPU
		{9172D361-E2DF-447F-AC9F-CE7B214A131E}.Release|x64.ActiveCfg = Release|Any CPU
		{9172D361-E2DF-447F-AC9F-CE7B214A131E}.Release|x64.Build.0 = Release|Any CPU
		{9172D361-E2DF-447F-AC9F-CE7B214A131E}.Release|x86.ActiveCfg = Release|Any CPU
		{9172D361-E2DF-447F-AC9F-CE7B214A131E}.Release|x86.Build.0 = Release|Any CPU
		{DA5861F8-7799-421B-B0BD-02D536C8FD90}.Debug|Any CPU.ActiveCfg = Debug|Any CPU
		{DA5861F8-7799-421B-B0BD-02D536C8FD90}.Debug|Any CPU.Build.0 = Debug|Any CPU
		{DA5861F8-7799-421B-B0BD-02D536C8FD90}.Debug|x64.ActiveCfg = Debug|Any CPU
		{DA5861F8-7799-421B-B0BD-02D536C8FD90}.Debug|x64.Build.0 = Debug|Any CPU
		{DA5861F8-7799-421B-B0BD-02D536C8FD90}.Debug|x86.ActiveCfg = Debug|Any CPU
		{DA5861F8-7799-421B-B0BD-02D536C8FD90}.Debug|x86.Build.0 = Debug|Any CPU
		{DA5861F8-7799-421B-B0BD-02D536C8FD90}.Release|Any CPU.ActiveCfg = Release|Any CPU
		{DA5861F8-7799-421B-B0BD-02D536C8FD90}.Release|Any CPU.Build.0 = Release|Any CPU
		{DA5861F8-7799-421B-B0BD-02D536C8FD90}.Release|x64.ActiveCfg = Release|Any CPU
		{DA5861F8-7799-421B-B0BD-02D536C8FD90}.Release|x64.Build.0 = Release|Any CPU
		{DA5861F8-7799-421B-B0BD-02D536C8FD90}.Release|x86.ActiveCfg = Release|Any CPU
		{DA5861F8-7799-421B-B0BD-02D536C8FD90}.Release|x86.Build.0 = Release|Any CPU
		{61424022-DC29-4553-A300-1C7C4C717666}.Debug|Any CPU.ActiveCfg = Debug|Any CPU
		{61424022-DC29-4553-A300-1C7C4C717666}.Debug|Any CPU.Build.0 = Debug|Any CPU
		{61424022-DC29-4553-A300-1C7C4C717666}.Debug|x64.ActiveCfg = Debug|Any CPU
		{61424022-DC29-4553-A300-1C7C4C717666}.Debug|x64.Build.0 = Debug|Any CPU
		{61424022-DC29-4553-A300-1C7C4C717666}.Debug|x86.ActiveCfg = Debug|Any CPU
		{61424022-DC29-4553-A300-1C7C4C717666}.Debug|x86.Build.0 = Debug|Any CPU
		{61424022-DC29-4553-A300-1C7C4C717666}.Release|Any CPU.ActiveCfg = Release|Any CPU
		{61424022-DC29-4553-A300-1C7C4C717666}.Release|Any CPU.Build.0 = Release|Any CPU
		{61424022-DC29-4553-A300-1C7C4C717666}.Release|x64.ActiveCfg = Release|Any CPU
		{61424022-DC29-4553-A300-1C7C4C717666}.Release|x64.Build.0 = Release|Any CPU
		{61424022-DC29-4553-A300-1C7C4C717666}.Release|x86.ActiveCfg = Release|Any CPU
		{61424022-DC29-4553-A300-1C7C4C717666}.Release|x86.Build.0 = Release|Any CPU
		{3D2CA312-556E-485F-A0CE-8D8D851B1001}.Debug|Any CPU.ActiveCfg = Debug|Any CPU
		{3D2CA312-556E-485F-A0CE-8D8D851B1001}.Debug|Any CPU.Build.0 = Debug|Any CPU
		{3D2CA312-556E-485F-A0CE-8D8D851B1001}.Debug|x64.ActiveCfg = Debug|Any CPU
		{3D2CA312-556E-485F-A0CE-8D8D851B1001}.Debug|x64.Build.0 = Debug|Any CPU
		{3D2CA312-556E-485F-A0CE-8D8D851B1001}.Debug|x86.ActiveCfg = Debug|Any CPU
		{3D2CA312-556E-485F-A0CE-8D8D851B1001}.Debug|x86.Build.0 = Debug|Any CPU
		{3D2CA312-556E-485F-A0CE-8D8D851B1001}.Release|Any CPU.ActiveCfg = Release|Any CPU
		{3D2CA312-556E-485F-A0CE-8D8D851B1001}.Release|Any CPU.Build.0 = Release|Any CPU
		{3D2CA312-556E-485F-A0CE-8D8D851B1001}.Release|x64.ActiveCfg = Release|Any CPU
		{3D2CA312-556E-485F-A0CE-8D8D851B1001}.Release|x64.Build.0 = Release|Any CPU
		{3D2CA312-556E-485F-A0CE-8D8D851B1001}.Release|x86.ActiveCfg = Release|Any CPU
		{3D2CA312-556E-485F-A0CE-8D8D851B1001}.Release|x86.Build.0 = Release|Any CPU
		{6D92BFA5-4B8B-49B4-85AA-72F0F35AEE4C}.Debug|Any CPU.ActiveCfg = Debug|Any CPU
		{6D92BFA5-4B8B-49B4-85AA-72F0F35AEE4C}.Debug|Any CPU.Build.0 = Debug|Any CPU
		{6D92BFA5-4B8B-49B4-85AA-72F0F35AEE4C}.Debug|x64.ActiveCfg = Debug|Any CPU
		{6D92BFA5-4B8B-49B4-85AA-72F0F35AEE4C}.Debug|x64.Build.0 = Debug|Any CPU
		{6D92BFA5-4B8B-49B4-85AA-72F0F35AEE4C}.Debug|x86.ActiveCfg = Debug|Any CPU
		{6D92BFA5-4B8B-49B4-85AA-72F0F35AEE4C}.Debug|x86.Build.0 = Debug|Any CPU
		{6D92BFA5-4B8B-49B4-85AA-72F0F35AEE4C}.Release|Any CPU.ActiveCfg = Release|Any CPU
		{6D92BFA5-4B8B-49B4-85AA-72F0F35AEE4C}.Release|Any CPU.Build.0 = Release|Any CPU
		{6D92BFA5-4B8B-49B4-85AA-72F0F35AEE4C}.Release|x64.ActiveCfg = Release|Any CPU
		{6D92BFA5-4B8B-49B4-85AA-72F0F35AEE4C}.Release|x64.Build.0 = Release|Any CPU
		{6D92BFA5-4B8B-49B4-85AA-72F0F35AEE4C}.Release|x86.ActiveCfg = Release|Any CPU
		{6D92BFA5-4B8B-49B4-85AA-72F0F35AEE4C}.Release|x86.Build.0 = Release|Any CPU
		{CD997A76-7B7A-4876-AAEF-F415D31833D8}.Debug|Any CPU.ActiveCfg = Debug|Any CPU
		{CD997A76-7B7A-4876-AAEF-F415D31833D8}.Debug|Any CPU.Build.0 = Debug|Any CPU
		{CD997A76-7B7A-4876-AAEF-F415D31833D8}.Debug|x64.ActiveCfg = Debug|Any CPU
		{CD997A76-7B7A-4876-AAEF-F415D31833D8}.Debug|x64.Build.0 = Debug|Any CPU
		{CD997A76-7B7A-4876-AAEF-F415D31833D8}.Debug|x86.ActiveCfg = Debug|Any CPU
		{CD997A76-7B7A-4876-AAEF-F415D31833D8}.Debug|x86.Build.0 = Debug|Any CPU
		{CD997A76-7B7A-4876-AAEF-F415D31833D8}.Release|Any CPU.ActiveCfg = Release|Any CPU
		{CD997A76-7B7A-4876-AAEF-F415D31833D8}.Release|Any CPU.Build.0 = Release|Any CPU
		{CD997A76-7B7A-4876-AAEF-F415D31833D8}.Release|x64.ActiveCfg = Release|Any CPU
		{CD997A76-7B7A-4876-AAEF-F415D31833D8}.Release|x64.Build.0 = Release|Any CPU
		{CD997A76-7B7A-4876-AAEF-F415D31833D8}.Release|x86.ActiveCfg = Release|Any CPU
		{CD997A76-7B7A-4876-AAEF-F415D31833D8}.Release|x86.Build.0 = Release|Any CPU
		{3D0B1407-ACB7-40DA-9945-32D0B1D0B236}.Debug|Any CPU.ActiveCfg = Debug|Any CPU
		{3D0B1407-ACB7-40DA-9945-32D0B1D0B236}.Debug|Any CPU.Build.0 = Debug|Any CPU
		{3D0B1407-ACB7-40DA-9945-32D0B1D0B236}.Debug|x64.ActiveCfg = Debug|Any CPU
		{3D0B1407-ACB7-40DA-9945-32D0B1D0B236}.Debug|x64.Build.0 = Debug|Any CPU
		{3D0B1407-ACB7-40DA-9945-32D0B1D0B236}.Debug|x86.ActiveCfg = Debug|Any CPU
		{3D0B1407-ACB7-40DA-9945-32D0B1D0B236}.Debug|x86.Build.0 = Debug|Any CPU
		{3D0B1407-ACB7-40DA-9945-32D0B1D0B236}.Release|Any CPU.ActiveCfg = Release|Any CPU
		{3D0B1407-ACB7-40DA-9945-32D0B1D0B236}.Release|Any CPU.Build.0 = Release|Any CPU
		{3D0B1407-ACB7-40DA-9945-32D0B1D0B236}.Release|x64.ActiveCfg = Release|Any CPU
		{3D0B1407-ACB7-40DA-9945-32D0B1D0B236}.Release|x64.Build.0 = Release|Any CPU
		{3D0B1407-ACB7-40DA-9945-32D0B1D0B236}.Release|x86.ActiveCfg = Release|Any CPU
		{3D0B1407-ACB7-40DA-9945-32D0B1D0B236}.Release|x86.Build.0 = Release|Any CPU
		{5A77C787-F928-4974-97C4-10E1B29F0243}.Debug|Any CPU.ActiveCfg = Debug|Any CPU
		{5A77C787-F928-4974-97C4-10E1B29F0243}.Debug|Any CPU.Build.0 = Debug|Any CPU
		{5A77C787-F928-4974-97C4-10E1B29F0243}.Debug|x64.ActiveCfg = Debug|Any CPU
		{5A77C787-F928-4974-97C4-10E1B29F0243}.Debug|x64.Build.0 = Debug|Any CPU
		{5A77C787-F928-4974-97C4-10E1B29F0243}.Debug|x86.ActiveCfg = Debug|Any CPU
		{5A77C787-F928-4974-97C4-10E1B29F0243}.Debug|x86.Build.0 = Debug|Any CPU
		{5A77C787-F928-4974-97C4-10E1B29F0243}.Release|Any CPU.ActiveCfg = Release|Any CPU
		{5A77C787-F928-4974-97C4-10E1B29F0243}.Release|Any CPU.Build.0 = Release|Any CPU
		{5A77C787-F928-4974-97C4-10E1B29F0243}.Release|x64.ActiveCfg = Release|Any CPU
		{5A77C787-F928-4974-97C4-10E1B29F0243}.Release|x64.Build.0 = Release|Any CPU
		{5A77C787-F928-4974-97C4-10E1B29F0243}.Release|x86.ActiveCfg = Release|Any CPU
		{5A77C787-F928-4974-97C4-10E1B29F0243}.Release|x86.Build.0 = Release|Any CPU
		{38BC7C9B-8BFE-42FC-AAAC-3F63B832EE8A}.Debug|Any CPU.ActiveCfg = Debug|Any CPU
		{38BC7C9B-8BFE-42FC-AAAC-3F63B832EE8A}.Debug|Any CPU.Build.0 = Debug|Any CPU
		{38BC7C9B-8BFE-42FC-AAAC-3F63B832EE8A}.Debug|x64.ActiveCfg = Debug|Any CPU
		{38BC7C9B-8BFE-42FC-AAAC-3F63B832EE8A}.Debug|x64.Build.0 = Debug|Any CPU
		{38BC7C9B-8BFE-42FC-AAAC-3F63B832EE8A}.Debug|x86.ActiveCfg = Debug|Any CPU
		{38BC7C9B-8BFE-42FC-AAAC-3F63B832EE8A}.Debug|x86.Build.0 = Debug|Any CPU
		{38BC7C9B-8BFE-42FC-AAAC-3F63B832EE8A}.Release|Any CPU.ActiveCfg = Release|Any CPU
		{38BC7C9B-8BFE-42FC-AAAC-3F63B832EE8A}.Release|Any CPU.Build.0 = Release|Any CPU
		{38BC7C9B-8BFE-42FC-AAAC-3F63B832EE8A}.Release|x64.ActiveCfg = Release|Any CPU
		{38BC7C9B-8BFE-42FC-AAAC-3F63B832EE8A}.Release|x64.Build.0 = Release|Any CPU
		{38BC7C9B-8BFE-42FC-AAAC-3F63B832EE8A}.Release|x86.ActiveCfg = Release|Any CPU
		{38BC7C9B-8BFE-42FC-AAAC-3F63B832EE8A}.Release|x86.Build.0 = Release|Any CPU
		{8BB408FC-4710-4DE3-A861-EB16D4CB7E10}.Debug|Any CPU.ActiveCfg = Debug|Any CPU
		{8BB408FC-4710-4DE3-A861-EB16D4CB7E10}.Debug|Any CPU.Build.0 = Debug|Any CPU
		{8BB408FC-4710-4DE3-A861-EB16D4CB7E10}.Debug|x64.ActiveCfg = Debug|Any CPU
		{8BB408FC-4710-4DE3-A861-EB16D4CB7E10}.Debug|x64.Build.0 = Debug|Any CPU
		{8BB408FC-4710-4DE3-A861-EB16D4CB7E10}.Debug|x86.ActiveCfg = Debug|Any CPU
		{8BB408FC-4710-4DE3-A861-EB16D4CB7E10}.Debug|x86.Build.0 = Debug|Any CPU
		{8BB408FC-4710-4DE3-A861-EB16D4CB7E10}.Release|Any CPU.ActiveCfg = Release|Any CPU
		{8BB408FC-4710-4DE3-A861-EB16D4CB7E10}.Release|Any CPU.Build.0 = Release|Any CPU
		{8BB408FC-4710-4DE3-A861-EB16D4CB7E10}.Release|x64.ActiveCfg = Release|Any CPU
		{8BB408FC-4710-4DE3-A861-EB16D4CB7E10}.Release|x64.Build.0 = Release|Any CPU
		{8BB408FC-4710-4DE3-A861-EB16D4CB7E10}.Release|x86.ActiveCfg = Release|Any CPU
		{8BB408FC-4710-4DE3-A861-EB16D4CB7E10}.Release|x86.Build.0 = Release|Any CPU
		{88F8A3C5-07A2-440C-AC2F-83E21D1762E1}.Debug|Any CPU.ActiveCfg = Debug|Any CPU
		{88F8A3C5-07A2-440C-AC2F-83E21D1762E1}.Debug|Any CPU.Build.0 = Debug|Any CPU
		{88F8A3C5-07A2-440C-AC2F-83E21D1762E1}.Debug|x64.ActiveCfg = Debug|Any CPU
		{88F8A3C5-07A2-440C-AC2F-83E21D1762E1}.Debug|x64.Build.0 = Debug|Any CPU
		{88F8A3C5-07A2-440C-AC2F-83E21D1762E1}.Debug|x86.ActiveCfg = Debug|Any CPU
		{88F8A3C5-07A2-440C-AC2F-83E21D1762E1}.Debug|x86.Build.0 = Debug|Any CPU
		{88F8A3C5-07A2-440C-AC2F-83E21D1762E1}.Release|Any CPU.ActiveCfg = Release|Any CPU
		{88F8A3C5-07A2-440C-AC2F-83E21D1762E1}.Release|Any CPU.Build.0 = Release|Any CPU
		{88F8A3C5-07A2-440C-AC2F-83E21D1762E1}.Release|x64.ActiveCfg = Release|Any CPU
		{88F8A3C5-07A2-440C-AC2F-83E21D1762E1}.Release|x64.Build.0 = Release|Any CPU
		{88F8A3C5-07A2-440C-AC2F-83E21D1762E1}.Release|x86.ActiveCfg = Release|Any CPU
		{88F8A3C5-07A2-440C-AC2F-83E21D1762E1}.Release|x86.Build.0 = Release|Any CPU
		{E0E61BB6-F70D-4708-AD8E-640B9308FF86}.Debug|Any CPU.ActiveCfg = Debug|Any CPU
		{E0E61BB6-F70D-4708-AD8E-640B9308FF86}.Debug|Any CPU.Build.0 = Debug|Any CPU
		{E0E61BB6-F70D-4708-AD8E-640B9308FF86}.Debug|x64.ActiveCfg = Debug|Any CPU
		{E0E61BB6-F70D-4708-AD8E-640B9308FF86}.Debug|x64.Build.0 = Debug|Any CPU
		{E0E61BB6-F70D-4708-AD8E-640B9308FF86}.Debug|x86.ActiveCfg = Debug|Any CPU
		{E0E61BB6-F70D-4708-AD8E-640B9308FF86}.Debug|x86.Build.0 = Debug|Any CPU
		{E0E61BB6-F70D-4708-AD8E-640B9308FF86}.Release|Any CPU.ActiveCfg = Release|Any CPU
		{E0E61BB6-F70D-4708-AD8E-640B9308FF86}.Release|Any CPU.Build.0 = Release|Any CPU
		{E0E61BB6-F70D-4708-AD8E-640B9308FF86}.Release|x64.ActiveCfg = Release|Any CPU
		{E0E61BB6-F70D-4708-AD8E-640B9308FF86}.Release|x64.Build.0 = Release|Any CPU
		{E0E61BB6-F70D-4708-AD8E-640B9308FF86}.Release|x86.ActiveCfg = Release|Any CPU
		{E0E61BB6-F70D-4708-AD8E-640B9308FF86}.Release|x86.Build.0 = Release|Any CPU
		{0DAA34F3-5942-4CA2-A503-98A13E31E1A6}.Debug|Any CPU.ActiveCfg = Debug|Any CPU
		{0DAA34F3-5942-4CA2-A503-98A13E31E1A6}.Debug|Any CPU.Build.0 = Debug|Any CPU
		{0DAA34F3-5942-4CA2-A503-98A13E31E1A6}.Debug|x64.ActiveCfg = Debug|Any CPU
		{0DAA34F3-5942-4CA2-A503-98A13E31E1A6}.Debug|x64.Build.0 = Debug|Any CPU
		{0DAA34F3-5942-4CA2-A503-98A13E31E1A6}.Debug|x86.ActiveCfg = Debug|Any CPU
		{0DAA34F3-5942-4CA2-A503-98A13E31E1A6}.Debug|x86.Build.0 = Debug|Any CPU
		{0DAA34F3-5942-4CA2-A503-98A13E31E1A6}.Release|Any CPU.ActiveCfg = Release|Any CPU
		{0DAA34F3-5942-4CA2-A503-98A13E31E1A6}.Release|Any CPU.Build.0 = Release|Any CPU
		{0DAA34F3-5942-4CA2-A503-98A13E31E1A6}.Release|x64.ActiveCfg = Release|Any CPU
		{0DAA34F3-5942-4CA2-A503-98A13E31E1A6}.Release|x64.Build.0 = Release|Any CPU
		{0DAA34F3-5942-4CA2-A503-98A13E31E1A6}.Release|x86.ActiveCfg = Release|Any CPU
		{0DAA34F3-5942-4CA2-A503-98A13E31E1A6}.Release|x86.Build.0 = Release|Any CPU
		{D1FAB503-3945-4C41-B75F-D54B254072C6}.Debug|Any CPU.ActiveCfg = Debug|Any CPU
		{D1FAB503-3945-4C41-B75F-D54B254072C6}.Debug|Any CPU.Build.0 = Debug|Any CPU
		{D1FAB503-3945-4C41-B75F-D54B254072C6}.Debug|x64.ActiveCfg = Debug|Any CPU
		{D1FAB503-3945-4C41-B75F-D54B254072C6}.Debug|x64.Build.0 = Debug|Any CPU
		{D1FAB503-3945-4C41-B75F-D54B254072C6}.Debug|x86.ActiveCfg = Debug|Any CPU
		{D1FAB503-3945-4C41-B75F-D54B254072C6}.Debug|x86.Build.0 = Debug|Any CPU
		{D1FAB503-3945-4C41-B75F-D54B254072C6}.Release|Any CPU.ActiveCfg = Release|Any CPU
		{D1FAB503-3945-4C41-B75F-D54B254072C6}.Release|Any CPU.Build.0 = Release|Any CPU
		{D1FAB503-3945-4C41-B75F-D54B254072C6}.Release|x64.ActiveCfg = Release|Any CPU
		{D1FAB503-3945-4C41-B75F-D54B254072C6}.Release|x64.Build.0 = Release|Any CPU
		{D1FAB503-3945-4C41-B75F-D54B254072C6}.Release|x86.ActiveCfg = Release|Any CPU
		{D1FAB503-3945-4C41-B75F-D54B254072C6}.Release|x86.Build.0 = Release|Any CPU
		{C3556780-2185-4172-BAC5-896E87E093E5}.Debug|Any CPU.ActiveCfg = Debug|Any CPU
		{C3556780-2185-4172-BAC5-896E87E093E5}.Debug|Any CPU.Build.0 = Debug|Any CPU
		{C3556780-2185-4172-BAC5-896E87E093E5}.Debug|x64.ActiveCfg = Debug|Any CPU
		{C3556780-2185-4172-BAC5-896E87E093E5}.Debug|x64.Build.0 = Debug|Any CPU
		{C3556780-2185-4172-BAC5-896E87E093E5}.Debug|x86.ActiveCfg = Debug|Any CPU
		{C3556780-2185-4172-BAC5-896E87E093E5}.Debug|x86.Build.0 = Debug|Any CPU
		{C3556780-2185-4172-BAC5-896E87E093E5}.Release|Any CPU.ActiveCfg = Release|Any CPU
		{C3556780-2185-4172-BAC5-896E87E093E5}.Release|Any CPU.Build.0 = Release|Any CPU
		{C3556780-2185-4172-BAC5-896E87E093E5}.Release|x64.ActiveCfg = Release|Any CPU
		{C3556780-2185-4172-BAC5-896E87E093E5}.Release|x64.Build.0 = Release|Any CPU
		{C3556780-2185-4172-BAC5-896E87E093E5}.Release|x86.ActiveCfg = Release|Any CPU
		{C3556780-2185-4172-BAC5-896E87E093E5}.Release|x86.Build.0 = Release|Any CPU
		{F78258B5-BDB4-4A32-B65B-1AA7690DC3CF}.Debug|Any CPU.ActiveCfg = Debug|Any CPU
		{F78258B5-BDB4-4A32-B65B-1AA7690DC3CF}.Debug|Any CPU.Build.0 = Debug|Any CPU
		{F78258B5-BDB4-4A32-B65B-1AA7690DC3CF}.Debug|x64.ActiveCfg = Debug|Any CPU
		{F78258B5-BDB4-4A32-B65B-1AA7690DC3CF}.Debug|x64.Build.0 = Debug|Any CPU
		{F78258B5-BDB4-4A32-B65B-1AA7690DC3CF}.Debug|x86.ActiveCfg = Debug|Any CPU
		{F78258B5-BDB4-4A32-B65B-1AA7690DC3CF}.Debug|x86.Build.0 = Debug|Any CPU
		{F78258B5-BDB4-4A32-B65B-1AA7690DC3CF}.Release|Any CPU.ActiveCfg = Release|Any CPU
		{F78258B5-BDB4-4A32-B65B-1AA7690DC3CF}.Release|Any CPU.Build.0 = Release|Any CPU
		{F78258B5-BDB4-4A32-B65B-1AA7690DC3CF}.Release|x64.ActiveCfg = Release|Any CPU
		{F78258B5-BDB4-4A32-B65B-1AA7690DC3CF}.Release|x64.Build.0 = Release|Any CPU
		{F78258B5-BDB4-4A32-B65B-1AA7690DC3CF}.Release|x86.ActiveCfg = Release|Any CPU
		{F78258B5-BDB4-4A32-B65B-1AA7690DC3CF}.Release|x86.Build.0 = Release|Any CPU
		{1C903BEE-B207-410C-8A14-3FD9EF699C82}.Debug|Any CPU.ActiveCfg = Debug|Any CPU
		{1C903BEE-B207-410C-8A14-3FD9EF699C82}.Debug|Any CPU.Build.0 = Debug|Any CPU
		{1C903BEE-B207-410C-8A14-3FD9EF699C82}.Debug|x64.ActiveCfg = Debug|Any CPU
		{1C903BEE-B207-410C-8A14-3FD9EF699C82}.Debug|x64.Build.0 = Debug|Any CPU
		{1C903BEE-B207-410C-8A14-3FD9EF699C82}.Debug|x86.ActiveCfg = Debug|Any CPU
		{1C903BEE-B207-410C-8A14-3FD9EF699C82}.Debug|x86.Build.0 = Debug|Any CPU
		{1C903BEE-B207-410C-8A14-3FD9EF699C82}.Release|Any CPU.ActiveCfg = Release|Any CPU
		{1C903BEE-B207-410C-8A14-3FD9EF699C82}.Release|Any CPU.Build.0 = Release|Any CPU
		{1C903BEE-B207-410C-8A14-3FD9EF699C82}.Release|x64.ActiveCfg = Release|Any CPU
		{1C903BEE-B207-410C-8A14-3FD9EF699C82}.Release|x64.Build.0 = Release|Any CPU
		{1C903BEE-B207-410C-8A14-3FD9EF699C82}.Release|x86.ActiveCfg = Release|Any CPU
		{1C903BEE-B207-410C-8A14-3FD9EF699C82}.Release|x86.Build.0 = Release|Any CPU
		{3BB4C279-7296-4DDC-96F7-30E3F8A323D1}.Debug|Any CPU.ActiveCfg = Debug|Any CPU
		{3BB4C279-7296-4DDC-96F7-30E3F8A323D1}.Debug|Any CPU.Build.0 = Debug|Any CPU
		{3BB4C279-7296-4DDC-96F7-30E3F8A323D1}.Debug|x64.ActiveCfg = Debug|Any CPU
		{3BB4C279-7296-4DDC-96F7-30E3F8A323D1}.Debug|x64.Build.0 = Debug|Any CPU
		{3BB4C279-7296-4DDC-96F7-30E3F8A323D1}.Debug|x86.ActiveCfg = Debug|Any CPU
		{3BB4C279-7296-4DDC-96F7-30E3F8A323D1}.Debug|x86.Build.0 = Debug|Any CPU
		{3BB4C279-7296-4DDC-96F7-30E3F8A323D1}.Release|Any CPU.ActiveCfg = Release|Any CPU
		{3BB4C279-7296-4DDC-96F7-30E3F8A323D1}.Release|Any CPU.Build.0 = Release|Any CPU
		{3BB4C279-7296-4DDC-96F7-30E3F8A323D1}.Release|x64.ActiveCfg = Release|Any CPU
		{3BB4C279-7296-4DDC-96F7-30E3F8A323D1}.Release|x64.Build.0 = Release|Any CPU
		{3BB4C279-7296-4DDC-96F7-30E3F8A323D1}.Release|x86.ActiveCfg = Release|Any CPU
		{3BB4C279-7296-4DDC-96F7-30E3F8A323D1}.Release|x86.Build.0 = Release|Any CPU
	EndGlobalSection
EndGlobal
